
Microsoft Visual Studio Solution File, Format Version 12.00
# Visual Studio Version 17
VisualStudioVersion = 17.0.31903.59
MinimumVisualStudioVersion = 10.0.40219.1
Project("{9A19103F-16F7-4668-BE54-9A1E7A4F7556}") = "RedTest.Domain", "RedTest.Domain\RedTest.Domain.csproj", "{767B8DB9-120F-49CE-90FE-F657054EF517}"
EndProject
Project("{9A19103F-16F7-4668-BE54-9A1E7A4F7556}") = "RedTest.Domain.Test", "RedTest.Domain.Test\RedTest.Domain.Test.csproj", "{8D5187C1-28F5-4790-B71F-115216BDE339}"
EndProject
Project("{9A19103F-16F7-4668-BE54-9A1E7A4F7556}") = "RedTest.TopUp.API", "RedTest.TopUp.API\RedTest.TopUp.API.csproj", "{74D72D54-6CD7-4D62-AA0B-35888C1B0F39}"
EndProject
Project("{9A19103F-16F7-4668-BE54-9A1E7A4F7556}") = "RedTest.Repositories", "RedTest.Repositories\RedTest.Repositories.csproj", "{F710BC1B-58A0-4B13-A596-C6250294E695}"
EndProject
Project("{9A19103F-16F7-4668-BE54-9A1E7A4F7556}") = "RedTest.Shared", "RedTest.Shared\RedTest.Shared.csproj", "{67A1CB1E-1506-463B-878C-AE077CBA3788}"
EndProject
Project("{E53339B2-1760-4266-BCC7-CA923CBCF16C}") = "docker-compose", "docker-compose.dcproj", "{B2C70EBB-FA75-4CD7-96BE-DC6E3C3A0163}"
EndProject
Global
	GlobalSection(SolutionConfigurationPlatforms) = preSolution
		Debug|Any CPU = Debug|Any CPU
		Release|Any CPU = Release|Any CPU
	EndGlobalSection
	GlobalSection(ProjectConfigurationPlatforms) = postSolution
		{767B8DB9-120F-49CE-90FE-F657054EF517}.Debug|Any CPU.ActiveCfg = Debug|Any CPU
		{767B8DB9-120F-49CE-90FE-F657054EF517}.Debug|Any CPU.Build.0 = Debug|Any CPU
		{767B8DB9-120F-49CE-90FE-F657054EF517}.Release|Any CPU.ActiveCfg = Release|Any CPU
		{767B8DB9-120F-49CE-90FE-F657054EF517}.Release|Any CPU.Build.0 = Release|Any CPU
		{8D5187C1-28F5-4790-B71F-115216BDE339}.Debug|Any CPU.ActiveCfg = Debug|Any CPU
		{8D5187C1-28F5-4790-B71F-115216BDE339}.Debug|Any CPU.Build.0 = Debug|Any CPU
		{8D5187C1-28F5-4790-B71F-115216BDE339}.Release|Any CPU.ActiveCfg = Release|Any CPU
		{8D5187C1-28F5-4790-B71F-115216BDE339}.Release|Any CPU.Build.0 = Release|Any CPU
		{74D72D54-6CD7-4D62-AA0B-35888C1B0F39}.Debug|Any CPU.ActiveCfg = Debug|Any CPU
		{74D72D54-6CD7-4D62-AA0B-35888C1B0F39}.Debug|Any CPU.Build.0 = Debug|Any CPU
		{74D72D54-6CD7-4D62-AA0B-35888C1B0F39}.Release|Any CPU.ActiveCfg = Release|Any CPU
		{74D72D54-6CD7-4D62-AA0B-35888C1B0F39}.Release|Any CPU.Build.0 = Release|Any CPU
		{F710BC1B-58A0-4B13-A596-C6250294E695}.Debug|Any CPU.ActiveCfg = Debug|Any CPU
		{F710BC1B-58A0-4B13-A596-C6250294E695}.Debug|Any CPU.Build.0 = Debug|Any CPU
		{F710BC1B-58A0-4B13-A596-C6250294E695}.Release|Any CPU.ActiveCfg = Release|Any CPU
		{F710BC1B-58A0-4B13-A596-C6250294E695}.Release|Any CPU.Build.0 = Release|Any CPU
		{67A1CB1E-1506-463B-878C-AE077CBA3788}.Debug|Any CPU.ActiveCfg = Debug|Any CPU
		{67A1CB1E-1506-463B-878C-AE077CBA3788}.Debug|Any CPU.Build.0 = Debug|Any CPU
		{67A1CB1E-1506-463B-878C-AE077CBA3788}.Release|Any CPU.ActiveCfg = Release|Any CPU
		{67A1CB1E-1506-463B-878C-AE077CBA3788}.Release|Any CPU.Build.0 = Release|Any CPU
		{B2C70EBB-FA75-4CD7-96BE-DC6E3C3A0163}.Debug|Any CPU.ActiveCfg = Debug|Any CPU
		{B2C70EBB-FA75-4CD7-96BE-DC6E3C3A0163}.Debug|Any CPU.Build.0 = Debug|Any CPU
		{B2C70EBB-FA75-4CD7-96BE-DC6E3C3A0163}.Release|Any CPU.ActiveCfg = Release|Any CPU
		{B2C70EBB-FA75-4CD7-96BE-DC6E3C3A0163}.Release|Any CPU.Build.0 = Release|Any CPU
	EndGlobalSection
	GlobalSection(SolutionProperties) = preSolution
		HideSolutionNode = FALSE
	EndGlobalSection
	GlobalSection(ExtensibilityGlobals) = postSolution
		SolutionGuid = {3A341EB3-C027-4B73-AA42-5A27531D577D}
	EndGlobalSection
EndGlobal
